
Microsoft Visual Studio Solution File, Format Version 12.00
# Visual Studio Version 17
VisualStudioVersion = 17.0.31903.59
MinimumVisualStudioVersion = 10.0.40219.1
Project("{2150E333-8FDC-42A3-9474-1A3956D46DE8}") = "src", "src", "{827E0CD3-B72D-47B6-A68D-7590B98EB39B}"
EndProject
Project("{FAE04EC0-301F-11D3-BF4B-00C04F79EFBC}") = "Winpepper.Core", "src\Winpepper.Core\Winpepper.Core.csproj", "{B5D84523-C057-494A-A0B9-1F22B98B6C3A}"
EndProject
Project("{2150E333-8FDC-42A3-9474-1A3956D46DE8}") = "tests", "tests", "{0AB3BF05-4346-4AA6-1389-037BE0695223}"
EndProject
Project("{FAE04EC0-301F-11D3-BF4B-00C04F79EFBC}") = "Winpepper.Core.Tests", "tests\Winpepper.Core.Tests\Winpepper.Core.Tests.csproj", "{20C44EC7-FEDE-49A0-9733-B4CED5BBC571}"
EndProject
Project("{FAE04EC0-301F-11D3-BF4B-00C04F79EFBC}") = "Winpepper.Platform", "src\Winpepper.Platform\Winpepper.Platform.csproj", "{0A6E8E2C-B662-4775-92CF-BAD0C19781AE}"
EndProject
Project("{FAE04EC0-301F-11D3-BF4B-00C04F79EFBC}") = "Winpepper.Platform.Tests", "tests\Winpepper.Platform.Tests\Winpepper.Platform.Tests.csproj", "{88A959E3-7553-4C41-ACFC-965C80450195}"
EndProject
Project("{FAE04EC0-301F-11D3-BF4B-00C04F79EFBC}") = "Winpepper.Audio", "src\Winpepper.Audio\Winpepper.Audio.csproj", "{08799AF4-D2E0-4E3A-A97F-BB25CE569141}"
EndProject
Project("{FAE04EC0-301F-11D3-BF4B-00C04F79EFBC}") = "Winpepper.Audio.Tests", "tests\Winpepper.Audio.Tests\Winpepper.Audio.Tests.csproj", "{37F4B271-DD05-4511-B0F6-AB7F5DEE8671}"
EndProject
Project("{FAE04EC0-301F-11D3-BF4B-00C04F79EFBC}") = "Winpepper.Asr", "src\Winpepper.Asr\Winpepper.Asr.csproj", "{3FCD07FC-DB21-4779-8220-D67C2621F9D8}"
EndProject
Project("{FAE04EC0-301F-11D3-BF4B-00C04F79EFBC}") = "Winpepper.Asr.Tests", "tests\Winpepper.Asr.Tests\Winpepper.Asr.Tests.csproj", "{C5DCB304-E88E-47AB-98BC-2A736116D2EE}"
EndProject
Project("{FAE04EC0-301F-11D3-BF4B-00C04F79EFBC}") = "Winpepper.Cli", "src\Winpepper.Cli\Winpepper.Cli.csproj", "{A8298876-4C9A-4D41-9777-FCDA4A575F9F}"
EndProject
Project("{FAE04EC0-301F-11D3-BF4B-00C04F79EFBC}") = "Winpepper.Corrections", "src\Winpepper.Corrections\Winpepper.Corrections.csproj", "{122EF568-8F76-43B2-903C-773C63467D34}"
EndProject
Project("{FAE04EC0-301F-11D3-BF4B-00C04F79EFBC}") = "Winpepper.Cleanup.Tests", "tests\Winpepper.Cleanup.Tests\Winpepper.Cleanup.Tests.csproj", "{A1B21D73-43DB-4868-B148-21040138CA68}"
EndProject
Project("{FAE04EC0-301F-11D3-BF4B-00C04F79EFBC}") = "Winpepper.Corrections.Tests", "tests\Winpepper.Corrections.Tests\Winpepper.Corrections.Tests.csproj", "{91FC8BF3-0655-45FA-A6F3-679612D6538A}"
EndProject
Project("{FAE04EC0-301F-11D3-BF4B-00C04F79EFBC}") = "Winpepper.Cleanup", "src\Winpepper.Cleanup\Winpepper.Cleanup.csproj", "{F0646C22-10E1-4BF9-9B70-A308F1A88CFA}"
EndProject
Global
	GlobalSection(SolutionConfigurationPlatforms) = preSolution
		Debug|Any CPU = Debug|Any CPU
		Debug|x64 = Debug|x64
		Debug|x86 = Debug|x86
		Release|Any CPU = Release|Any CPU
		Release|x64 = Release|x64
		Release|x86 = Release|x86
	EndGlobalSection
	GlobalSection(ProjectConfigurationPlatforms) = postSolution
		{B5D84523-C057-494A-A0B9-1F22B98B6C3A}.Debug|Any CPU.ActiveCfg = Debug|Any CPU
		{B5D84523-C057-494A-A0B9-1F22B98B6C3A}.Debug|Any CPU.Build.0 = Debug|Any CPU
		{B5D84523-C057-494A-A0B9-1F22B98B6C3A}.Debug|x64.ActiveCfg = Debug|Any CPU
		{B5D84523-C057-494A-A0B9-1F22B98B6C3A}.Debug|x64.Build.0 = Debug|Any CPU
		{B5D84523-C057-494A-A0B9-1F22B98B6C3A}.Debug|x86.ActiveCfg = Debug|Any CPU
		{B5D84523-C057-494A-A0B9-1F22B98B6C3A}.Debug|x86.Build.0 = Debug|Any CPU
		{B5D84523-C057-494A-A0B9-1F22B98B6C3A}.Release|Any CPU.ActiveCfg = Release|Any CPU
		{B5D84523-C057-494A-A0B9-1F22B98B6C3A}.Release|Any CPU.Build.0 = Release|Any CPU
		{B5D84523-C057-494A-A0B9-1F22B98B6C3A}.Release|x64.ActiveCfg = Release|Any CPU
		{B5D84523-C057-494A-A0B9-1F22B98B6C3A}.Release|x64.Build.0 = Release|Any CPU
		{B5D84523-C057-494A-A0B9-1F22B98B6C3A}.Release|x86.ActiveCfg = Release|Any CPU
		{B5D84523-C057-494A-A0B9-1F22B98B6C3A}.Release|x86.Build.0 = Release|Any CPU
		{20C44EC7-FEDE-49A0-9733-B4CED5BBC571}.Debug|Any CPU.ActiveCfg = Debug|Any CPU
		{20C44EC7-FEDE-49A0-9733-B4CED5BBC571}.Debug|Any CPU.Build.0 = Debug|Any CPU
		{20C44EC7-FEDE-49A0-9733-B4CED5BBC571}.Debug|x64.ActiveCfg = Debug|Any CPU
		{20C44EC7-FEDE-49A0-9733-B4CED5BBC571}.Debug|x64.Build.0 = Debug|Any CPU
		{20C44EC7-FEDE-49A0-9733-B4CED5BBC571}.Debug|x86.ActiveCfg = Debug|Any CPU
		{20C44EC7-FEDE-49A0-9733-B4CED5BBC571}.Debug|x86.Build.0 = Debug|Any CPU
		{20C44EC7-FEDE-49A0-9733-B4CED5BBC571}.Release|Any CPU.ActiveCfg = Release|Any CPU
		{20C44EC7-FEDE-49A0-9733-B4CED5BBC571}.Release|Any CPU.Build.0 = Release|Any CPU
		{20C44EC7-FEDE-49A0-9733-B4CED5BBC571}.Release|x64.ActiveCfg = Release|Any CPU
		{20C44EC7-FEDE-49A0-9733-B4CED5BBC571}.Release|x64.Build.0 = Release|Any CPU
		{20C44EC7-FEDE-49A0-9733-B4CED5BBC571}.Release|x86.ActiveCfg = Release|Any CPU
		{20C44EC7-FEDE-49A0-9733-B4CED5BBC571}.Release|x86.Build.0 = Release|Any CPU
		{0A6E8E2C-B662-4775-92CF-BAD0C19781AE}.Debug|Any CPU.ActiveCfg = Debug|Any CPU
		{0A6E8E2C-B662-4775-92CF-BAD0C19781AE}.Debug|Any CPU.Build.0 = Debug|Any CPU
		{0A6E8E2C-B662-4775-92CF-BAD0C19781AE}.Debug|x64.ActiveCfg = Debug|Any CPU
		{0A6E8E2C-B662-4775-92CF-BAD0C19781AE}.Debug|x64.Build.0 = Debug|Any CPU
		{0A6E8E2C-B662-4775-92CF-BAD0C19781AE}.Debug|x86.ActiveCfg = Debug|Any CPU
		{0A6E8E2C-B662-4775-92CF-BAD0C19781AE}.Debug|x86.Build.0 = Debug|Any CPU
		{0A6E8E2C-B662-4775-92CF-BAD0C19781AE}.Release|Any CPU.ActiveCfg = Release|Any CPU
		{0A6E8E2C-B662-4775-92CF-BAD0C19781AE}.Release|Any CPU.Build.0 = Release|Any CPU
		{0A6E8E2C-B662-4775-92CF-BAD0C19781AE}.Release|x64.ActiveCfg = Release|Any CPU
		{0A6E8E2C-B662-4775-92CF-BAD0C19781AE}.Release|x64.Build.0 = Release|Any CPU
		{0A6E8E2C-B662-4775-92CF-BAD0C19781AE}.Release|x86.ActiveCfg = Release|Any CPU
		{0A6E8E2C-B662-4775-92CF-BAD0C19781AE}.Release|x86.Build.0 = Release|Any CPU
		{88A959E3-7553-4C41-ACFC-965C80450195}.Debug|Any CPU.ActiveCfg = Debug|Any CPU
		{88A959E3-7553-4C41-ACFC-965C80450195}.Debug|Any CPU.Build.0 = Debug|Any CPU
		{88A959E3-7553-4C41-ACFC-965C80450195}.Debug|x64.ActiveCfg = Debug|Any CPU
		{88A959E3-7553-4C41-ACFC-965C80450195}.Debug|x64.Build.0 = Debug|Any CPU
		{88A959E3-7553-4C41-ACFC-965C80450195}.Debug|x86.ActiveCfg = Debug|Any CPU
		{88A959E3-7553-4C41-ACFC-965C80450195}.Debug|x86.Build.0 = Debug|Any CPU
		{88A959E3-7553-4C41-ACFC-965C80450195}.Release|Any CPU.ActiveCfg = Release|Any CPU
		{88A959E3-7553-4C41-ACFC-965C80450195}.Release|Any CPU.Build.0 = Release|Any CPU
		{88A959E3-7553-4C41-ACFC-965C80450195}.Release|x64.ActiveCfg = Release|Any CPU
		{88A959E3-7553-4C41-ACFC-965C80450195}.Release|x64.Build.0 = Release|Any CPU
		{88A959E3-7553-4C41-ACFC-965C80450195}.Release|x86.ActiveCfg = Release|Any CPU
		{88A959E3-7553-4C41-ACFC-965C80450195}.Release|x86.Build.0 = Release|Any CPU
		{08799AF4-D2E0-4E3A-A97F-BB25CE569141}.Debug|Any CPU.ActiveCfg = Debug|Any CPU
		{08799AF4-D2E0-4E3A-A97F-BB25CE569141}.Debug|Any CPU.Build.0 = Debug|Any CPU
		{08799AF4-D2E0-4E3A-A97F-BB25CE569141}.Debug|x64.ActiveCfg = Debug|Any CPU
		{08799AF4-D2E0-4E3A-A97F-BB25CE569141}.Debug|x64.Build.0 = Debug|Any CPU
		{08799AF4-D2E0-4E3A-A97F-BB25CE569141}.Debug|x86.ActiveCfg = Debug|Any CPU
		{08799AF4-D2E0-4E3A-A97F-BB25CE569141}.Debug|x86.Build.0 = Debug|Any CPU
		{08799AF4-D2E0-4E3A-A97F-BB25CE569141}.Release|Any CPU.ActiveCfg = Release|Any CPU
		{08799AF4-D2E0-4E3A-A97F-BB25CE569141}.Release|Any CPU.Build.0 = Release|Any CPU
		{08799AF4-D2E0-4E3A-A97F-BB25CE569141}.Release|x64.ActiveCfg = Release|Any CPU
		{08799AF4-D2E0-4E3A-A97F-BB25CE569141}.Release|x64.Build.0 = Release|Any CPU
		{08799AF4-D2E0-4E3A-A97F-BB25CE569141}.Release|x86.ActiveCfg = Release|Any CPU
		{08799AF4-D2E0-4E3A-A97F-BB25CE569141}.Release|x86.Build.0 = Release|Any CPU
		{37F4B271-DD05-4511-B0F6-AB7F5DEE8671}.Debug|Any CPU.ActiveCfg = Debug|Any CPU
		{37F4B271-DD05-4511-B0F6-AB7F5DEE8671}.Debug|Any CPU.Build.0 = Debug|Any CPU
		{37F4B271-DD05-4511-B0F6-AB7F5DEE8671}.Debug|x64.ActiveCfg = Debug|Any CPU
		{37F4B271-DD05-4511-B0F6-AB7F5DEE8671}.Debug|x64.Build.0 = Debug|Any CPU
		{37F4B271-DD05-4511-B0F6-AB7F5DEE8671}.Debug|x86.ActiveCfg = Debug|Any CPU
		{37F4B271-DD05-4511-B0F6-AB7F5DEE8671}.Debug|x86.Build.0 = Debug|Any CPU
		{37F4B271-DD05-4511-B0F6-AB7F5DEE8671}.Release|Any CPU.ActiveCfg = Release|Any CPU
		{37F4B271-DD05-4511-B0F6-AB7F5DEE8671}.Release|Any CPU.Build.0 = Release|Any CPU
		{37F4B271-DD05-4511-B0F6-AB7F5DEE8671}.Release|x64.ActiveCfg = Release|Any CPU
		{37F4B271-DD05-4511-B0F6-AB7F5DEE8671}.Release|x64.Build.0 = Release|Any CPU
		{37F4B271-DD05-4511-B0F6-AB7F5DEE8671}.Release|x86.ActiveCfg = Release|Any CPU
		{37F4B271-DD05-4511-B0F6-AB7F5DEE8671}.Release|x86.Build.0 = Release|Any CPU
		{3FCD07FC-DB21-4779-8220-D67C2621F9D8}.Debug|Any CPU.ActiveCfg = Debug|Any CPU
		{3FCD07FC-DB21-4779-8220-D67C2621F9D8}.Debug|Any CPU.Build.0 = Debug|Any CPU
		{3FCD07FC-DB21-4779-8220-D67C2621F9D8}.Debug|x64.ActiveCfg = Debug|Any CPU
		{3FCD07FC-DB21-4779-8220-D67C2621F9D8}.Debug|x64.Build.0 = Debug|Any CPU
		{3FCD07FC-DB21-4779-8220-D67C2621F9D8}.Debug|x86.ActiveCfg = Debug|Any CPU
		{3FCD07FC-DB21-4779-8220-D67C2621F9D8}.Debug|x86.Build.0 = Debug|Any CPU
		{3FCD07FC-DB21-4779-8220-D67C2621F9D8}.Release|Any CPU.ActiveCfg = Release|Any CPU
		{3FCD07FC-DB21-4779-8220-D67C2621F9D8}.Release|Any CPU.Build.0 = Release|Any CPU
		{3FCD07FC-DB21-4779-8220-D67C2621F9D8}.Release|x64.ActiveCfg = Release|Any CPU
		{3FCD07FC-DB21-4779-8220-D67C2621F9D8}.Release|x64.Build.0 = Release|Any CPU
		{3FCD07FC-DB21-4779-8220-D67C2621F9D8}.Release|x86.ActiveCfg = Release|Any CPU
		{3FCD07FC-DB21-4779-8220-D67C2621F9D8}.Release|x86.Build.0 = Release|Any CPU
		{C5DCB304-E88E-47AB-98BC-2A736116D2EE}.Debug|Any CPU.ActiveCfg = Debug|Any CPU
		{C5DCB304-E88E-47AB-98BC-2A736116D2EE}.Debug|Any CPU.Build.0 = Debug|Any CPU
		{C5DCB304-E88E-47AB-98BC-2A736116D2EE}.Debug|x64.ActiveCfg = Debug|Any CPU
		{C5DCB304-E88E-47AB-98BC-2A736116D2EE}.Debug|x64.Build.0 = Debug|Any CPU
		{C5DCB304-E88E-47AB-98BC-2A736116D2EE}.Debug|x86.ActiveCfg = Debug|Any CPU
		{C5DCB304-E88E-47AB-98BC-2A736116D2EE}.Debug|x86.Build.0 = Debug|Any CPU
		{C5DCB304-E88E-47AB-98BC-2A736116D2EE}.Release|Any CPU.ActiveCfg = Release|Any CPU
		{C5DCB304-E88E-47AB-98BC-2A736116D2EE}.Release|Any CPU.Build.0 = Release|Any CPU
		{C5DCB304-E88E-47AB-98BC-2A736116D2EE}.Release|x64.ActiveCfg = Release|Any CPU
		{C5DCB304-E88E-47AB-98BC-2A736116D2EE}.Release|x64.Build.0 = Release|Any CPU
		{C5DCB304-E88E-47AB-98BC-2A736116D2EE}.Release|x86.ActiveCfg = Release|Any CPU
		{C5DCB304-E88E-47AB-98BC-2A736116D2EE}.Release|x86.Build.0 = Release|Any CPU
		{A8298876-4C9A-4D41-9777-FCDA4A575F9F}.Debug|Any CPU.ActiveCfg = Debug|Any CPU
		{A8298876-4C9A-4D41-9777-FCDA4A575F9F}.Debug|Any CPU.Build.0 = Debug|Any CPU
		{A8298876-4C9A-4D41-9777-FCDA4A575F9F}.Debug|x64.ActiveCfg = Debug|Any CPU
		{A8298876-4C9A-4D41-9777-FCDA4A575F9F}.Debug|x64.Build.0 = Debug|Any CPU
		{A8298876-4C9A-4D41-9777-FCDA4A575F9F}.Debug|x86.ActiveCfg = Debug|Any CPU
		{A8298876-4C9A-4D41-9777-FCDA4A575F9F}.Debug|x86.Build.0 = Debug|Any CPU
		{A8298876-4C9A-4D41-9777-FCDA4A575F9F}.Release|Any CPU.ActiveCfg = Release|Any CPU
		{A8298876-4C9A-4D41-9777-FCDA4A575F9F}.Release|Any CPU.Build.0 = Release|Any CPU
		{A8298876-4C9A-4D41-9777-FCDA4A575F9F}.Release|x64.ActiveCfg = Release|Any CPU
		{A8298876-4C9A-4D41-9777-FCDA4A575F9F}.Release|x64.Build.0 = Release|Any CPU
		{A8298876-4C9A-4D41-9777-FCDA4A575F9F}.Release|x86.ActiveCfg = Release|Any CPU
		{A8298876-4C9A-4D41-9777-FCDA4A575F9F}.Release|x86.Build.0 = Release|Any CPU
		{122EF568-8F76-43B2-903C-773C63467D34}.Debug|Any CPU.ActiveCfg = Debug|Any CPU
		{122EF568-8F76-43B2-903C-773C63467D34}.Debug|Any CPU.Build.0 = Debug|Any CPU
		{122EF568-8F76-43B2-903C-773C63467D34}.Debug|x64.ActiveCfg = Debug|Any CPU
		{122EF568-8F76-43B2-903C-773C63467D34}.Debug|x64.Build.0 = Debug|Any CPU
		{122EF568-8F76-43B2-903C-773C63467D34}.Debug|x86.ActiveCfg = Debug|Any CPU
		{122EF568-8F76-43B2-903C-773C63467D34}.Debug|x86.Build.0 = Debug|Any CPU
		{122EF568-8F76-43B2-903C-773C63467D34}.Release|Any CPU.ActiveCfg = Release|Any CPU
		{122EF568-8F76-43B2-903C-773C63467D34}.Release|Any CPU.Build.0 = Release|Any CPU
		{122EF568-8F76-43B2-903C-773C63467D34}.Release|x64.ActiveCfg = Release|Any CPU
		{122EF568-8F76-43B2-903C-773C63467D34}.Release|x64.Build.0 = Release|Any CPU
		{122EF568-8F76-43B2-903C-773C63467D34}.Release|x86.ActiveCfg = Release|Any CPU
		{122EF568-8F76-43B2-903C-773C63467D34}.Release|x86.Build.0 = Release|Any CPU
		{A1B21D73-43DB-4868-B148-21040138CA68}.Debug|Any CPU.ActiveCfg = Debug|Any CPU
		{A1B21D73-43DB-4868-B148-21040138CA68}.Debug|Any CPU.Build.0 = Debug|Any CPU
		{A1B21D73-43DB-4868-B148-21040138CA68}.Debug|x64.ActiveCfg = Debug|Any CPU
		{A1B21D73-43DB-4868-B148-21040138CA68}.Debug|x64.Build.0 = Debug|Any CPU
		{A1B21D73-43DB-4868-B148-21040138CA68}.Debug|x86.ActiveCfg = Debug|Any CPU
		{A1B21D73-43DB-4868-B148-21040138CA68}.Debug|x86.Build.0 = Debug|Any CPU
		{A1B21D73-43DB-4868-B148-21040138CA68}.Release|Any CPU.ActiveCfg = Release|Any CPU
		{A1B21D73-43DB-4868-B148-21040138CA68}.Release|Any CPU.Build.0 = Release|Any CPU
		{A1B21D73-43DB-4868-B148-21040138CA68}.Release|x64.ActiveCfg = Release|Any CPU
		{A1B21D73-43DB-4868-B148-21040138CA68}.Release|x64.Build.0 = Release|Any CPU
		{A1B21D73-43DB-4868-B148-21040138CA68}.Release|x86.ActiveCfg = Release|Any CPU
		{A1B21D73-43DB-4868-B148-21040138CA68}.Release|x86.Build.0 = Release|Any CPU
		{91FC8BF3-0655-45FA-A6F3-679612D6538A}.Debug|Any CPU.ActiveCfg = Debug|Any CPU
		{91FC8BF3-0655-45FA-A6F3-679612D6538A}.Debug|Any CPU.Build.0 = Debug|Any CPU
		{91FC8BF3-0655-45FA-A6F3-679612D6538A}.Debug|x64.ActiveCfg = Debug|Any CPU
		{91FC8BF3-0655-45FA-A6F3-679612D6538A}.Debug|x64.Build.0 = Debug|Any CPU
		{91FC8BF3-0655-45FA-A6F3-679612D6538A}.Debug|x86.ActiveCfg = Debug|Any CPU
		{91FC8BF3-0655-45FA-A6F3-679612D6538A}.Debug|x86.Build.0 = Debug|Any CPU
		{91FC8BF3-0655-45FA-A6F3-679612D6538A}.Release|Any CPU.ActiveCfg = Release|Any CPU
		{91FC8BF3-0655-45FA-A6F3-679612D6538A}.Release|Any CPU.Build.0 = Release|Any CPU
		{91FC8BF3-0655-45FA-A6F3-679612D6538A}.Release|x64.ActiveCfg = Release|Any CPU
		{91FC8BF3-0655-45FA-A6F3-679612D6538A}.Release|x64.Build.0 = Release|Any CPU
		{91FC8BF3-0655-45FA-A6F3-679612D6538A}.Release|x86.ActiveCfg = Release|Any CPU
		{91FC8BF3-0655-45FA-A6F3-679612D6538A}.Release|x86.Build.0 = Release|Any CPU
		{F0646C22-10E1-4BF9-9B70-A308F1A88CFA}.Debug|Any CPU.ActiveCfg = Debug|Any CPU
		{F0646C22-10E1-4BF9-9B70-A308F1A88CFA}.Debug|Any CPU.Build.0 = Debug|Any CPU
		{F0646C22-10E1-4BF9-9B70-A308F1A88CFA}.Debug|x64.ActiveCfg = Debug|Any CPU
		{F0646C22-10E1-4BF9-9B70-A308F1A88CFA}.Debug|x64.Build.0 = Debug|Any CPU
		{F0646C22-10E1-4BF9-9B70-A308F1A88CFA}.Debug|x86.ActiveCfg = Debug|Any CPU
		{F0646C22-10E1-4BF9-9B70-A308F1A88CFA}.Debug|x86.Build.0 = Debug|Any CPU
		{F0646C22-10E1-4BF9-9B70-A308F1A88CFA}.Release|Any CPU.ActiveCfg = Release|Any CPU
		{F0646C22-10E1-4BF9-9B70-A308F1A88CFA}.Release|Any CPU.Build.0 = Release|Any CPU
		{F0646C22-10E1-4BF9-9B70-A308F1A88CFA}.Release|x64.ActiveCfg = Release|Any CPU
		{F0646C22-10E1-4BF9-9B70-A308F1A88CFA}.Release|x64.Build.0 = Release|Any CPU
		{F0646C22-10E1-4BF9-9B70-A308F1A88CFA}.Release|x86.ActiveCfg = Release|Any CPU
		{F0646C22-10E1-4BF9-9B70-A308F1A88CFA}.Release|x86.Build.0 = Release|Any CPU
	EndGlobalSection
	GlobalSection(SolutionProperties) = preSolution
		HideSolutionNode = FALSE
	EndGlobalSection
	GlobalSection(NestedProjects) = preSolution
		{B5D84523-C057-494A-A0B9-1F22B98B6C3A} = {827E0CD3-B72D-47B6-A68D-7590B98EB39B}
		{20C44EC7-FEDE-49A0-9733-B4CED5BBC571} = {0AB3BF05-4346-4AA6-1389-037BE0695223}
		{0A6E8E2C-B662-4775-92CF-BAD0C19781AE} = {827E0CD3-B72D-47B6-A68D-7590B98EB39B}
		{88A959E3-7553-4C41-ACFC-965C80450195} = {0AB3BF05-4346-4AA6-1389-037BE0695223}
		{08799AF4-D2E0-4E3A-A97F-BB25CE569141} = {827E0CD3-B72D-47B6-A68D-7590B98EB39B}
		{37F4B271-DD05-4511-B0F6-AB7F5DEE8671} = {0AB3BF05-4346-4AA6-1389-037BE0695223}
		{3FCD07FC-DB21-4779-8220-D67C2621F9D8} = {827E0CD3-B72D-47B6-A68D-7590B98EB39B}
		{C5DCB304-E88E-47AB-98BC-2A736116D2EE} = {0AB3BF05-4346-4AA6-1389-037BE0695223}
		{A8298876-4C9A-4D41-9777-FCDA4A575F9F} = {827E0CD3-B72D-47B6-A68D-7590B98EB39B}
		{122EF568-8F76-43B2-903C-773C63467D34} = {827E0CD3-B72D-47B6-A68D-7590B98EB39B}
		{A1B21D73-43DB-4868-B148-21040138CA68} = {0AB3BF05-4346-4AA6-1389-037BE0695223}
		{91FC8BF3-0655-45FA-A6F3-679612D6538A} = {0AB3BF05-4346-4AA6-1389-037BE0695223}
		{F0646C22-10E1-4BF9-9B70-A308F1A88CFA} = {827E0CD3-B72D-47B6-A68D-7590B98EB39B}
	EndGlobalSection
EndGlobal
